// !$*UTF8*$!
{
	archiveVersion = 1;
	classes = {
	};
	objectVersion = 46;
	objects = {

/* Begin PBXBuildFile section */
		5E2FEDCD14B35558007849B4 /* crc32.c in Sources */ = {isa = PBXBuildFile; fileRef = 5E2FEDCC14B35558007849B4 /* crc32.c */; };
		5EBE804514A5FE4800CA9D70 /* main.c in Sources */ = {isa = PBXBuildFile; fileRef = 5EBE804414A5FE4800CA9D70 /* main.c */; };
		5EBE804F14A5FE9000CA9D70 /* OSTN02.c in Sources */ = {isa = PBXBuildFile; fileRef = 5EBE804E14A5FE9000CA9D70 /* OSTN02.c */; };
/* End PBXBuildFile section */

/* Begin PBXCopyFilesBuildPhase section */
		5EBE803E14A5FE4800CA9D70 /* CopyFiles */ = {
			isa = PBXCopyFilesBuildPhase;
			buildActionMask = 2147483647;
			dstPath = /usr/share/man/man1/;
			dstSubfolderSpec = 0;
			files = (
			);
			runOnlyForDeploymentPostprocessing = 1;
		};
/* End PBXCopyFilesBuildPhase section */

/* Begin PBXFileReference section */
		5E2FEDCC14B35558007849B4 /* crc32.c */ = {isa = PBXFileReference; fileEncoding = 4; lastKnownFileType = sourcecode.c.c; path = crc32.c; sourceTree = "<group>"; };
		5E2FEDCE14B35570007849B4 /* crc32.h */ = {isa = PBXFileReference; fileEncoding = 4; lastKnownFileType = sourcecode.c.h; path = crc32.h; sourceTree = "<group>"; };
		5E2FEDCF14B35DD4007849B4 /* testCoords.data */ = {isa = PBXFileReference; fileEncoding = 4; lastKnownFileType = text; path = testCoords.data; sourceTree = "<group>"; };
		5E2FEDDA14B3641B007849B4 /* geoids.data */ = {isa = PBXFileReference; fileEncoding = 4; lastKnownFileType = text; path = geoids.data; sourceTree = "<group>"; };
		5E2FEDDD14B374AF007849B4 /* README.textile */ = {isa = PBXFileReference; lastKnownFileType = text; path = README.textile; sourceTree = "<group>"; };
		5E67D47B14B212FE00F5D4BC /* shifts.data */ = {isa = PBXFileReference; fileEncoding = 4; lastKnownFileType = text; path = shifts.data; sourceTree = "<group>"; };
		5E67D47C14B212FE00F5D4BC /* shifts.index.data */ = {isa = PBXFileReference; fileEncoding = 4; lastKnownFileType = text; path = shifts.index.data; sourceTree = "<group>"; };
		5E7AD48014B0D26E00AA6C99 /* csv-to-struct-array.rb */ = {isa = PBXFileReference; lastKnownFileType = text.script.ruby; path = "csv-to-struct-array.rb"; sourceTree = "<group>"; };
		5E7BD21415B99A5F0003C1E5 /* explorerMaps.data */ = {isa = PBXFileReference; fileEncoding = 4; lastKnownFileType = text; path = explorerMaps.data; sourceTree = "<group>"; };
		5E9AFE1214F2525900F82BD7 /* fancyOut.h */ = {isa = PBXFileReference; lastKnownFileType = sourcecode.c.h; path = fancyOut.h; sourceTree = "<group>"; };
		5E9AFE1414F2560D00F82BD7 /* dblRelated.h */ = {isa = PBXFileReference; lastKnownFileType = sourcecode.c.h; path = dblRelated.h; sourceTree = "<group>"; };
		5EB2BE9D14B7593100EE7A5D /* gridRef.data */ = {isa = PBXFileReference; fileEncoding = 4; lastKnownFileType = text; path = gridRef.data; sourceTree = "<group>"; };
		5EBE804014A5FE4800CA9D70 /* ostn02c */ = {isa = PBXFileReference; explicitFileType = "compiled.mach-o.executable"; includeInIndex = 0; path = ostn02c; sourceTree = BUILT_PRODUCTS_DIR; };
		5EBE804414A5FE4800CA9D70 /* main.c */ = {isa = PBXFileReference; lastKnownFileType = sourcecode.c.c; path = main.c; sourceTree = "<group>"; };
		5EBE804D14A5FE7300CA9D70 /* OSTN02.h */ = {isa = PBXFileReference; fileEncoding = 4; lastKnownFileType = sourcecode.c.h; path = OSTN02.h; sourceTree = "<group>"; };
		5EBE804E14A5FE9000CA9D70 /* OSTN02.c */ = {isa = PBXFileReference; fileEncoding = 4; lastKnownFileType = sourcecode.c.c; path = OSTN02.c; sourceTree = "<group>"; };
		5ECB2EE414B863F00015B28A /* constants.data */ = {isa = PBXFileReference; fileEncoding = 4; lastKnownFileType = text; path = constants.data; sourceTree = "<group>"; };
/* End PBXFileReference section */

/* Begin PBXFrameworksBuildPhase section */
		5EBE803D14A5FE4800CA9D70 /* Frameworks */ = {
			isa = PBXFrameworksBuildPhase;
			buildActionMask = 2147483647;
			files = (
			);
			runOnlyForDeploymentPostprocessing = 0;
		};
/* End PBXFrameworksBuildPhase section */

/* Begin PBXGroup section */
		5E2FEDDC14B364D6007849B4 /* Data */ = {
			isa = PBXGroup;
			children = (
				5E67D47B14B212FE00F5D4BC /* shifts.data */,
				5E67D47C14B212FE00F5D4BC /* shifts.index.data */,
				5E2FEDCF14B35DD4007849B4 /* testCoords.data */,
				5E2FEDDA14B3641B007849B4 /* geoids.data */,
				5EB2BE9D14B7593100EE7A5D /* gridRef.data */,
				5ECB2EE414B863F00015B28A /* constants.data */,
				5E7BD21415B99A5F0003C1E5 /* explorerMaps.data */,
			);
			name = Data;
			path = OSTN02;
			sourceTree = "<group>";
		};
		5EBE803514A5FE4800CA9D70 = {
			isa = PBXGroup;
			children = (
				5E2FEDDD14B374AF007849B4 /* README.textile */,
				5E7AD48014B0D26E00AA6C99 /* csv-to-struct-array.rb */,
				5EBE804314A5FE4800CA9D70 /* Source code */,
				5E2FEDDC14B364D6007849B4 /* Data */,
				5EBE804114A5FE4800CA9D70 /* Products */,
			);
			sourceTree = "<group>";
		};
		5EBE804114A5FE4800CA9D70 /* Products */ = {
			isa = PBXGroup;
			children = (
				5EBE804014A5FE4800CA9D70 /* ostn02c */,
			);
			name = Products;
			sourceTree = "<group>";
		};
		5EBE804314A5FE4800CA9D70 /* Source code */ = {
			isa = PBXGroup;
			children = (
				5EBE804D14A5FE7300CA9D70 /* OSTN02.h */,
				5EBE804E14A5FE9000CA9D70 /* OSTN02.c */,
				5E2FEDCC14B35558007849B4 /* crc32.c */,
				5E2FEDCE14B35570007849B4 /* crc32.h */,
				5EBE804414A5FE4800CA9D70 /* main.c */,
				5E9AFE1214F2525900F82BD7 /* fancyOut.h */,
				5E9AFE1414F2560D00F82BD7 /* dblRelated.h */,
			);
			name = "Source code";
			path = OSTN02;
			sourceTree = "<group>";
		};
/* End PBXGroup section */

/* Begin PBXNativeTarget section */
		5EBE803F14A5FE4800CA9D70 /* OSTN02 */ = {
			isa = PBXNativeTarget;
			buildConfigurationList = 5EBE804A14A5FE4900CA9D70 /* Build configuration list for PBXNativeTarget "OSTN02" */;
			buildPhases = (
				5EBE803C14A5FE4800CA9D70 /* Sources */,
				5EBE803D14A5FE4800CA9D70 /* Frameworks */,
				5EBE803E14A5FE4800CA9D70 /* CopyFiles */,
			);
			buildRules = (
			);
			dependencies = (
			);
			name = OSTN02;
			productName = OSTN02;
			productReference = 5EBE804014A5FE4800CA9D70 /* ostn02c */;
			productType = "com.apple.product-type.tool";
		};
/* End PBXNativeTarget section */

/* Begin PBXProject section */
		5EBE803714A5FE4800CA9D70 /* Project object */ = {
			isa = PBXProject;
			attributes = {
				LastUpgradeCheck = 0430;
				ORGANIZATIONNAME = "George MacKerron";
			};
			buildConfigurationList = 5EBE803A14A5FE4800CA9D70 /* Build configuration list for PBXProject "OSTN02" */;
			compatibilityVersion = "Xcode 3.2";
			developmentRegion = English;
			hasScannedForEncodings = 0;
			knownRegions = (
				en,
			);
			mainGroup = 5EBE803514A5FE4800CA9D70;
			productRefGroup = 5EBE804114A5FE4800CA9D70 /* Products */;
			projectDirPath = "";
			projectRoot = "";
			targets = (
				5EBE803F14A5FE4800CA9D70 /* OSTN02 */,
			);
		};
/* End PBXProject section */

/* Begin PBXSourcesBuildPhase section */
		5EBE803C14A5FE4800CA9D70 /* Sources */ = {
			isa = PBXSourcesBuildPhase;
			buildActionMask = 2147483647;
			files = (
				5EBE804514A5FE4800CA9D70 /* main.c in Sources */,
				5EBE804F14A5FE9000CA9D70 /* OSTN02.c in Sources */,
				5E2FEDCD14B35558007849B4 /* crc32.c in Sources */,
			);
			runOnlyForDeploymentPostprocessing = 0;
		};
/* End PBXSourcesBuildPhase section */

/* Begin XCBuildConfiguration section */
		5EBE804814A5FE4800CA9D70 /* Debug */ = {
			isa = XCBuildConfiguration;
			buildSettings = {
				ALWAYS_SEARCH_USER_PATHS = NO;
				ARCHS = "$(ARCHS_STANDARD_32_64_BIT)";
				CLANG_WARN_SUSPICIOUS_IMPLICIT_CONVERSION = YES;
				COPY_PHASE_STRIP = NO;
				GCC_C_LANGUAGE_STANDARD = gnu99;
				GCC_DYNAMIC_NO_PIC = NO;
				GCC_ENABLE_OBJC_EXCEPTIONS = NO;
				GCC_OPTIMIZATION_LEVEL = 0;
				GCC_PREPROCESSOR_DEFINITIONS = (
					"DEBUG=1",
					"$(inherited)",
				);
				GCC_SYMBOLS_PRIVATE_EXTERN = NO;
				GCC_TREAT_INCOMPATIBLE_POINTER_TYPE_WARNINGS_AS_ERRORS = YES;
				GCC_VERSION = com.apple.compilers.llvm.clang.1_0;
				GCC_WARN_64_TO_32_BIT_CONVERSION = YES;
				GCC_WARN_ABOUT_MISSING_FIELD_INITIALIZERS = YES;
				GCC_WARN_ABOUT_MISSING_PROTOTYPES = YES;
				GCC_WARN_ABOUT_RETURN_TYPE = YES;
				GCC_WARN_FOUR_CHARACTER_CONSTANTS = YES;
				GCC_WARN_INITIALIZER_NOT_FULLY_BRACKETED = YES;
				GCC_WARN_SHADOW = YES;
				GCC_WARN_SIGN_COMPARE = YES;
				GCC_WARN_UNKNOWN_PRAGMAS = YES;
				GCC_WARN_UNUSED_FUNCTION = YES;
				GCC_WARN_UNUSED_PARAMETER = YES;
				GCC_WARN_UNUSED_VARIABLE = YES;
				MACOSX_DEPLOYMENT_TARGET = 10.4;
				ONLY_ACTIVE_ARCH = YES;
				SDKROOT = macosx;
			};
			name = Debug;
		};
		5EBE804914A5FE4800CA9D70 /* Release */ = {
			isa = XCBuildConfiguration;
			buildSettings = {
				ALWAYS_SEARCH_USER_PATHS = NO;
				ARCHS = "$(ARCHS_STANDARD_32_64_BIT)";
				CLANG_WARN_SUSPICIOUS_IMPLICIT_CONVERSION = YES;
				COPY_PHASE_STRIP = YES;
				DEBUG_INFORMATION_FORMAT = "dwarf-with-dsym";
				GCC_C_LANGUAGE_STANDARD = gnu99;
				GCC_ENABLE_OBJC_EXCEPTIONS = NO;
				GCC_TREAT_INCOMPATIBLE_POINTER_TYPE_WARNINGS_AS_ERRORS = YES;
				GCC_VERSION = com.apple.compilers.llvm.clang.1_0;
				GCC_WARN_64_TO_32_BIT_CONVERSION = YES;
				GCC_WARN_ABOUT_MISSING_FIELD_INITIALIZERS = YES;
				GCC_WARN_ABOUT_MISSING_PROTOTYPES = YES;
				GCC_WARN_ABOUT_RETURN_TYPE = YES;
				GCC_WARN_FOUR_CHARACTER_CONSTANTS = YES;
				GCC_WARN_INITIALIZER_NOT_FULLY_BRACKETED = YES;
				GCC_WARN_SHADOW = YES;
				GCC_WARN_SIGN_COMPARE = YES;
				GCC_WARN_UNKNOWN_PRAGMAS = YES;
				GCC_WARN_UNUSED_FUNCTION = YES;
				GCC_WARN_UNUSED_PARAMETER = YES;
				GCC_WARN_UNUSED_VARIABLE = YES;
				MACOSX_DEPLOYMENT_TARGET = 10.4;
				RUN_CLANG_STATIC_ANALYZER = YES;
				SDKROOT = macosx;
				VALIDATE_PRODUCT = YES;
			};
			name = Release;
		};
		5EBE804B14A5FE4900CA9D70 /* Debug */ = {
			isa = XCBuildConfiguration;
			buildSettings = {
				LIBRARY_SEARCH_PATHS = (
					"$(inherited)",
					"\"$(SDKROOT)/usr/lib/system\"",
				);
				PRODUCT_NAME = ostn02c;
			};
			name = Debug;
		};
		5EBE804C14A5FE4900CA9D70 /* Release */ = {
			isa = XCBuildConfiguration;
			buildSettings = {
				LIBRARY_SEARCH_PATHS = (
					"$(inherited)",
					"\"$(SDKROOT)/usr/lib/system\"",
				);
				PRODUCT_NAME = ostn02c;
			};
			name = Release;
		};
/* End XCBuildConfiguration section */

/* Begin XCConfigurationList section */
		5EBE803A14A5FE4800CA9D70 /* Build configuration list for PBXProject "OSTN02" */ = {
			isa = XCConfigurationList;
			buildConfigurations = (
				5EBE804814A5FE4800CA9D70 /* Debug */,
				5EBE804914A5FE4800CA9D70 /* Release */,
			);
			defaultConfigurationIsVisible = 0;
			defaultConfigurationName = Release;
		};
		5EBE804A14A5FE4900CA9D70 /* Build configuration list for PBXNativeTarget "OSTN02" */ = {
			isa = XCConfigurationList;
			buildConfigurations = (
				5EBE804B14A5FE4900CA9D70 /* Debug */,
				5EBE804C14A5FE4900CA9D70 /* Release */,
			);
			defaultConfigurationIsVisible = 0;
			defaultConfigurationName = Release;
		};
/* End XCConfigurationList section */
	};
	rootObject = 5EBE803714A5FE4800CA9D70 /* Project object */;
}
